
Microsoft Visual Studio Solution File, Format Version 12.00
# Visual Studio Version 17
VisualStudioVersion = 17.8.34330.188
MinimumVisualStudioVersion = 10.0.40219.1
Project("{8BC9CEB8-8B4A-11D0-8D11-00A0C91BC942}") = "Project35", "Project35\Project35.vcxproj", "{7035FC0B-76A5-45EA-BF1E-8E2D431B9C87}"
EndProject
Global
	GlobalSection(SolutionConfigurationPlatforms) = preSolution
		Debug|x64 = Debug|x64
		Debug|x86 = Debug|x86
		Release|x64 = Release|x64
		Release|x86 = Release|x86
	EndGlobalSection
	GlobalSection(ProjectConfigurationPlatforms) = postSolution
		{7035FC0B-76A5-45EA-BF1E-8E2D431B9C87}.Debug|x64.ActiveCfg = Debug|x64
		{7035FC0B-76A5-45EA-BF1E-8E2D431B9C87}.Debug|x64.Build.0 = Debug|x64
		{7035FC0B-76A5-45EA-BF1E-8E2D431B9C87}.Debug|x86.ActiveCfg = Debug|Win32
		{7035FC0B-76A5-45EA-BF1E-8E2D431B9C87}.Debug|x86.Build.0 = Debug|Win32
		{7035FC0B-76A5-45EA-BF1E-8E2D431B9C87}.Release|x64.ActiveCfg = Release|x64
		{7035FC0B-76A5-45EA-BF1E-8E2D431B9C87}.Release|x64.Build.0 = Release|x64
		{7035FC0B-76A5-45EA-BF1E-8E2D431B9C87}.Release|x86.ActiveCfg = Release|Win32
		{7035FC0B-76A5-45EA-BF1E-8E2D431B9C87}.Release|x86.Build.0 = Release|Win32
	EndGlobalSection
	GlobalSection(SolutionProperties) = preSolution
		HideSolutionNode = FALSE
	EndGlobalSection
	GlobalSection(ExtensibilityGlobals) = postSolution
		SolutionGuid = {9F55D69D-CC15-4293-A403-14A2B94C4F36}
	EndGlobalSection
EndGlobal
